
Microsoft Visual Studio Solution File, Format Version 12.00
# Visual Studio Version 17
VisualStudioVersion = 17.7.34024.191
MinimumVisualStudioVersion = 10.0.40219.1
Project("{FAE04EC0-301F-11D3-BF4B-00C04F79EFBC}") = "BinpinarOkulu", "BinpinarOkulu\BinpinarOkulu.csproj", "{234D7103-DAEC-4B49-A441-BEB45095F51F}"
EndProject
Global
	GlobalSection(SolutionConfigurationPlatforms) = preSolution
		Debug|Any CPU = Debug|Any CPU
		Release|Any CPU = Release|Any CPU
	EndGlobalSection
	GlobalSection(ProjectConfigurationPlatforms) = postSolution
		{234D7103-DAEC-4B49-A441-BEB45095F51F}.Debug|Any CPU.ActiveCfg = Debug|Any CPU
		{234D7103-DAEC-4B49-A441-BEB45095F51F}.Debug|Any CPU.Build.0 = Debug|Any CPU
		{234D7103-DAEC-4B49-A441-BEB45095F51F}.Release|Any CPU.ActiveCfg = Release|Any CPU
		{234D7103-DAEC-4B49-A441-BEB45095F51F}.Release|Any CPU.Build.0 = Release|Any CPU
	EndGlobalSection
	GlobalSection(SolutionProperties) = preSolution
		HideSolutionNode = FALSE
	EndGlobalSection
	GlobalSection(ExtensibilityGlobals) = postSolution
		SolutionGuid = {25E83816-B474-4F93-97DC-1BFC88449369}
	EndGlobalSection
EndGlobal
